
Microsoft Visual Studio Solution File, Format Version 12.00
# Visual Studio Version 18
VisualStudioVersion = 18.2.11415.280
MinimumVisualStudioVersion = 10.0.40219.1
Project("{FAE04EC0-301F-11D3-BF4B-00C04F79EFBC}") = "AdminMenu", "AdminMenu\AdminMenu.csproj", "{4D691F92-0357-49C5-9321-B420E00CDF43}"
EndProject
Project("{FAE04EC0-301F-11D3-BF4B-00C04F79EFBC}") = "StartMap", "StartMap\StartMap.csproj", "{4B43AC5D-1D60-4D6E-86BB-97FEC8608465}"
EndProject
Project("{FAE04EC0-301F-11D3-BF4B-00C04F79EFBC}") = "GameStatistic", "GameStatistic\GameStatistic.csproj", "{2F07CBF4-5095-4094-7A5E-10A3A9BD7C13}"
EndProject
Project("{FAE04EC0-301F-11D3-BF4B-00C04F79EFBC}") = "MenuHotKey", "MenuHotKey\MenuHotKey.csproj", "{F1968ACB-9B82-F621-642C-C25E5C217EDE}"
EndProject
Project("{FAE04EC0-301F-11D3-BF4B-00C04F79EFBC}") = "QuickDefuse", "QuickDefuse\QuickDefuse.csproj", "{29AB86AD-6402-F3AB-C64D-BC6A2D0A573B}"
EndProject
Project("{FAE04EC0-301F-11D3-BF4B-00C04F79EFBC}") = "SharedLibrary", "SharedLibrary\SharedLibrary.csproj", "{9C659BAD-54EA-4B22-B75C-5509A862D77B}"
EndProject
Project("{FAE04EC0-301F-11D3-BF4B-00C04F79EFBC}") = "ReviveTeammate", "ReviveTeammate\ReviveTeammate.csproj", "{B7F3A2D9-C4E1-4A3B-8F2D-1E9C5A7B3D0F}"
EndProject
Project("{FAE04EC0-301F-11D3-BF4B-00C04F79EFBC}") = "DamageReport", "DamageReport\DamageReport.csproj", "{C3D5E7A1-2B4F-4C8D-9E1A-3F5B7C9D0E2F}"
EndProject
Project("{FAE04EC0-301F-11D3-BF4B-00C04F79EFBC}") = "_unitTests", "_unitTests\_unitTests.csproj", "{45258BEE-A0AA-4DCC-BAA5-F3EFF45B51DB}"
EndProject
Project("{FAE04EC0-301F-11D3-BF4B-00C04F79EFBC}") = "SiteRestrict", "SiteRestrict\SiteRestrict.csproj", "{6F2A37A0-6019-4FD5-8250-B536A769CF33}"
EndProject
Project("{FAE04EC0-301F-11D3-BF4B-00C04F79EFBC}") = "SpamFilter", "SpamFilter\SpamFilter.csproj", "{19B34B58-580E-4ECE-81EB-5B87ABF543F4}"
	ProjectSection(ProjectDependencies) = postProject
		{9C659BAD-54EA-4B22-B75C-5509A862D77B} = {9C659BAD-54EA-4B22-B75C-5509A862D77B}
	EndProjectSection
EndProject
Global
	GlobalSection(SolutionConfigurationPlatforms) = preSolution
		Debug|Any CPU = Debug|Any CPU
		Debug|x64 = Debug|x64
		Debug|x86 = Debug|x86
		Release|Any CPU = Release|Any CPU
		Release|x64 = Release|x64
		Release|x86 = Release|x86
	EndGlobalSection
	GlobalSection(ProjectConfigurationPlatforms) = postSolution
		{4D691F92-0357-49C5-9321-B420E00CDF43}.Debug|Any CPU.ActiveCfg = Debug|Any CPU
		{4D691F92-0357-49C5-9321-B420E00CDF43}.Debug|Any CPU.Build.0 = Debug|Any CPU
		{4D691F92-0357-49C5-9321-B420E00CDF43}.Debug|x64.ActiveCfg = Debug|Any CPU
		{4D691F92-0357-49C5-9321-B420E00CDF43}.Debug|x64.Build.0 = Debug|Any CPU
		{4D691F92-0357-49C5-9321-B420E00CDF43}.Debug|x86.ActiveCfg = Debug|Any CPU
		{4D691F92-0357-49C5-9321-B420E00CDF43}.Debug|x86.Build.0 = Debug|Any CPU
		{4D691F92-0357-49C5-9321-B420E00CDF43}.Release|Any CPU.ActiveCfg = Release|Any CPU
		{4D691F92-0357-49C5-9321-B420E00CDF43}.Release|Any CPU.Build.0 = Release|Any CPU
		{4D691F92-0357-49C5-9321-B420E00CDF43}.Release|x64.ActiveCfg = Release|Any CPU
		{4D691F92-0357-49C5-9321-B420E00CDF43}.Release|x64.Build.0 = Release|Any CPU
		{4D691F92-0357-49C5-9321-B420E00CDF43}.Release|x86.ActiveCfg = Release|Any CPU
		{4D691F92-0357-49C5-9321-B420E00CDF43}.Release|x86.Build.0 = Release|Any CPU
		{4B43AC5D-1D60-4D6E-86BB-97FEC8608465}.Debug|Any CPU.ActiveCfg = Debug|Any CPU
		{4B43AC5D-1D60-4D6E-86BB-97FEC8608465}.Debug|Any CPU.Build.0 = Debug|Any CPU
		{4B43AC5D-1D60-4D6E-86BB-97FEC8608465}.Debug|x64.ActiveCfg = Debug|Any CPU
		{4B43AC5D-1D60-4D6E-86BB-97FEC8608465}.Debug|x64.Build.0 = Debug|Any CPU
		{4B43AC5D-1D60-4D6E-86BB-97FEC8608465}.Debug|x86.ActiveCfg = Debug|Any CPU
		{4B43AC5D-1D60-4D6E-86BB-97FEC8608465}.Debug|x86.Build.0 = Debug|Any CPU
		{4B43AC5D-1D60-4D6E-86BB-97FEC8608465}.Release|Any CPU.ActiveCfg = Release|Any CPU
		{4B43AC5D-1D60-4D6E-86BB-97FEC8608465}.Release|Any CPU.Build.0 = Release|Any CPU
		{4B43AC5D-1D60-4D6E-86BB-97FEC8608465}.Release|x64.ActiveCfg = Release|Any CPU
		{4B43AC5D-1D60-4D6E-86BB-97FEC8608465}.Release|x64.Build.0 = Release|Any CPU
		{4B43AC5D-1D60-4D6E-86BB-97FEC8608465}.Release|x86.ActiveCfg = Release|Any CPU
		{4B43AC5D-1D60-4D6E-86BB-97FEC8608465}.Release|x86.Build.0 = Release|Any CPU
		{2F07CBF4-5095-4094-7A5E-10A3A9BD7C13}.Debug|Any CPU.ActiveCfg = Debug|Any CPU
		{2F07CBF4-5095-4094-7A5E-10A3A9BD7C13}.Debug|Any CPU.Build.0 = Debug|Any CPU
		{2F07CBF4-5095-4094-7A5E-10A3A9BD7C13}.Debug|x64.ActiveCfg = Debug|Any CPU
		{2F07CBF4-5095-4094-7A5E-10A3A9BD7C13}.Debug|x64.Build.0 = Debug|Any CPU
		{2F07CBF4-5095-4094-7A5E-10A3A9BD7C13}.Debug|x86.ActiveCfg = Debug|Any CPU
		{2F07CBF4-5095-4094-7A5E-10A3A9BD7C13}.Debug|x86.Build.0 = Debug|Any CPU
		{2F07CBF4-5095-4094-7A5E-10A3A9BD7C13}.Release|Any CPU.ActiveCfg = Release|Any CPU
		{2F07CBF4-5095-4094-7A5E-10A3A9BD7C13}.Release|Any CPU.Build.0 = Release|Any CPU
		{2F07CBF4-5095-4094-7A5E-10A3A9BD7C13}.Release|x64.ActiveCfg = Release|Any CPU
		{2F07CBF4-5095-4094-7A5E-10A3A9BD7C13}.Release|x64.Build.0 = Release|Any CPU
		{2F07CBF4-5095-4094-7A5E-10A3A9BD7C13}.Release|x86.ActiveCfg = Release|Any CPU
		{2F07CBF4-5095-4094-7A5E-10A3A9BD7C13}.Release|x86.Build.0 = Release|Any CPU
		{F1968ACB-9B82-F621-642C-C25E5C217EDE}.Debug|Any CPU.ActiveCfg = Debug|Any CPU
		{F1968ACB-9B82-F621-642C-C25E5C217EDE}.Debug|Any CPU.Build.0 = Debug|Any CPU
		{F1968ACB-9B82-F621-642C-C25E5C217EDE}.Debug|x64.ActiveCfg = Debug|Any CPU
		{F1968ACB-9B82-F621-642C-C25E5C217EDE}.Debug|x64.Build.0 = Debug|Any CPU
		{F1968ACB-9B82-F621-642C-C25E5C217EDE}.Debug|x86.ActiveCfg = Debug|Any CPU
		{F1968ACB-9B82-F621-642C-C25E5C217EDE}.Debug|x86.Build.0 = Debug|Any CPU
		{F1968ACB-9B82-F621-642C-C25E5C217EDE}.Release|Any CPU.ActiveCfg = Release|Any CPU
		{F1968ACB-9B82-F621-642C-C25E5C217EDE}.Release|Any CPU.Build.0 = Release|Any CPU
		{F1968ACB-9B82-F621-642C-C25E5C217EDE}.Release|x64.ActiveCfg = Release|Any CPU
		{F1968ACB-9B82-F621-642C-C25E5C217EDE}.Release|x64.Build.0 = Release|Any CPU
		{F1968ACB-9B82-F621-642C-C25E5C217EDE}.Release|x86.ActiveCfg = Release|Any CPU
		{F1968ACB-9B82-F621-642C-C25E5C217EDE}.Release|x86.Build.0 = Release|Any CPU
		{29AB86AD-6402-F3AB-C64D-BC6A2D0A573B}.Debug|Any CPU.ActiveCfg = Debug|Any CPU
		{29AB86AD-6402-F3AB-C64D-BC6A2D0A573B}.Debug|Any CPU.Build.0 = Debug|Any CPU
		{29AB86AD-6402-F3AB-C64D-BC6A2D0A573B}.Debug|x64.ActiveCfg = Debug|Any CPU
		{29AB86AD-6402-F3AB-C64D-BC6A2D0A573B}.Debug|x64.Build.0 = Debug|Any CPU
		{29AB86AD-6402-F3AB-C64D-BC6A2D0A573B}.Debug|x86.ActiveCfg = Debug|Any CPU
		{29AB86AD-6402-F3AB-C64D-BC6A2D0A573B}.Debug|x86.Build.0 = Debug|Any CPU
		{29AB86AD-6402-F3AB-C64D-BC6A2D0A573B}.Release|Any CPU.ActiveCfg = Release|Any CPU
		{29AB86AD-6402-F3AB-C64D-BC6A2D0A573B}.Release|Any CPU.Build.0 = Release|Any CPU
		{29AB86AD-6402-F3AB-C64D-BC6A2D0A573B}.Release|x64.ActiveCfg = Release|Any CPU
		{29AB86AD-6402-F3AB-C64D-BC6A2D0A573B}.Release|x64.Build.0 = Release|Any CPU
		{29AB86AD-6402-F3AB-C64D-BC6A2D0A573B}.Release|x86.ActiveCfg = Release|Any CPU
		{29AB86AD-6402-F3AB-C64D-BC6A2D0A573B}.Release|x86.Build.0 = Release|Any CPU
		{9C659BAD-54EA-4B22-B75C-5509A862D77B}.Debug|Any CPU.ActiveCfg = Debug|Any CPU
		{9C659BAD-54EA-4B22-B75C-5509A862D77B}.Debug|Any CPU.Build.0 = Debug|Any CPU
		{9C659BAD-54EA-4B22-B75C-5509A862D77B}.Debug|x64.ActiveCfg = Debug|Any CPU
		{9C659BAD-54EA-4B22-B75C-5509A862D77B}.Debug|x64.Build.0 = Debug|Any CPU
		{9C659BAD-54EA-4B22-B75C-5509A862D77B}.Debug|x86.ActiveCfg = Debug|Any CPU
		{9C659BAD-54EA-4B22-B75C-5509A862D77B}.Debug|x86.Build.0 = Debug|Any CPU
		{9C659BAD-54EA-4B22-B75C-5509A862D77B}.Release|Any CPU.ActiveCfg = Release|Any CPU
		{9C659BAD-54EA-4B22-B75C-5509A862D77B}.Release|Any CPU.Build.0 = Release|Any CPU
		{9C659BAD-54EA-4B22-B75C-5509A862D77B}.Release|x64.ActiveCfg = Release|Any CPU
		{9C659BAD-54EA-4B22-B75C-5509A862D77B}.Release|x64.Build.0 = Release|Any CPU
		{9C659BAD-54EA-4B22-B75C-5509A862D77B}.Release|x86.ActiveCfg = Release|Any CPU
		{9C659BAD-54EA-4B22-B75C-5509A862D77B}.Release|x86.Build.0 = Release|Any CPU
		{B7F3A2D9-C4E1-4A3B-8F2D-1E9C5A7B3D0F}.Debug|Any CPU.ActiveCfg = Debug|Any CPU
		{B7F3A2D9-C4E1-4A3B-8F2D-1E9C5A7B3D0F}.Debug|Any CPU.Build.0 = Debug|Any CPU
		{B7F3A2D9-C4E1-4A3B-8F2D-1E9C5A7B3D0F}.Debug|x64.ActiveCfg = Debug|Any CPU
		{B7F3A2D9-C4E1-4A3B-8F2D-1E9C5A7B3D0F}.Debug|x64.Build.0 = Debug|Any CPU
		{B7F3A2D9-C4E1-4A3B-8F2D-1E9C5A7B3D0F}.Debug|x86.ActiveCfg = Debug|Any CPU
		{B7F3A2D9-C4E1-4A3B-8F2D-1E9C5A7B3D0F}.Debug|x86.Build.0 = Debug|Any CPU
		{B7F3A2D9-C4E1-4A3B-8F2D-1E9C5A7B3D0F}.Release|Any CPU.ActiveCfg = Release|Any CPU
		{B7F3A2D9-C4E1-4A3B-8F2D-1E9C5A7B3D0F}.Release|Any CPU.Build.0 = Release|Any CPU
		{B7F3A2D9-C4E1-4A3B-8F2D-1E9C5A7B3D0F}.Release|x64.ActiveCfg = Release|Any CPU
		{B7F3A2D9-C4E1-4A3B-8F2D-1E9C5A7B3D0F}.Release|x64.Build.0 = Release|Any CPU
		{B7F3A2D9-C4E1-4A3B-8F2D-1E9C5A7B3D0F}.Release|x86.ActiveCfg = Release|Any CPU
		{B7F3A2D9-C4E1-4A3B-8F2D-1E9C5A7B3D0F}.Release|x86.Build.0 = Release|Any CPU
		{C3D5E7A1-2B4F-4C8D-9E1A-3F5B7C9D0E2F}.Debug|Any CPU.ActiveCfg = Debug|Any CPU
		{C3D5E7A1-2B4F-4C8D-9E1A-3F5B7C9D0E2F}.Debug|Any CPU.Build.0 = Debug|Any CPU
		{C3D5E7A1-2B4F-4C8D-9E1A-3F5B7C9D0E2F}.Debug|x64.ActiveCfg = Debug|Any CPU
		{C3D5E7A1-2B4F-4C8D-9E1A-3F5B7C9D0E2F}.Debug|x64.Build.0 = Debug|Any CPU
		{C3D5E7A1-2B4F-4C8D-9E1A-3F5B7C9D0E2F}.Debug|x86.ActiveCfg = Debug|Any CPU
		{C3D5E7A1-2B4F-4C8D-9E1A-3F5B7C9D0E2F}.Debug|x86.Build.0 = Debug|Any CPU
		{C3D5E7A1-2B4F-4C8D-9E1A-3F5B7C9D0E2F}.Release|Any CPU.ActiveCfg = Release|Any CPU
		{C3D5E7A1-2B4F-4C8D-9E1A-3F5B7C9D0E2F}.Release|Any CPU.Build.0 = Release|Any CPU
		{C3D5E7A1-2B4F-4C8D-9E1A-3F5B7C9D0E2F}.Release|x64.ActiveCfg = Release|Any CPU
		{C3D5E7A1-2B4F-4C8D-9E1A-3F5B7C9D0E2F}.Release|x64.Build.0 = Release|Any CPU
		{C3D5E7A1-2B4F-4C8D-9E1A-3F5B7C9D0E2F}.Release|x86.ActiveCfg = Release|Any CPU
		{C3D5E7A1-2B4F-4C8D-9E1A-3F5B7C9D0E2F}.Release|x86.Build.0 = Release|Any CPU
		{45258BEE-A0AA-4DCC-BAA5-F3EFF45B51DB}.Debug|Any CPU.ActiveCfg = Debug|Any CPU
		{45258BEE-A0AA-4DCC-BAA5-F3EFF45B51DB}.Debug|Any CPU.Build.0 = Debug|Any CPU
		{45258BEE-A0AA-4DCC-BAA5-F3EFF45B51DB}.Debug|x64.ActiveCfg = Debug|Any CPU
		{45258BEE-A0AA-4DCC-BAA5-F3EFF45B51DB}.Debug|x64.Build.0 = Debug|Any CPU
		{45258BEE-A0AA-4DCC-BAA5-F3EFF45B51DB}.Debug|x86.ActiveCfg = Debug|Any CPU
		{45258BEE-A0AA-4DCC-BAA5-F3EFF45B51DB}.Debug|x86.Build.0 = Debug|Any CPU
		{45258BEE-A0AA-4DCC-BAA5-F3EFF45B51DB}.Release|Any CPU.ActiveCfg = Release|Any CPU
		{45258BEE-A0AA-4DCC-BAA5-F3EFF45B51DB}.Release|Any CPU.Build.0 = Release|Any CPU
		{45258BEE-A0AA-4DCC-BAA5-F3EFF45B51DB}.Release|x64.ActiveCfg = Release|Any CPU
		{45258BEE-A0AA-4DCC-BAA5-F3EFF45B51DB}.Release|x64.Build.0 = Release|Any CPU
		{45258BEE-A0AA-4DCC-BAA5-F3EFF45B51DB}.Release|x86.ActiveCfg = Release|Any CPU
		{45258BEE-A0AA-4DCC-BAA5-F3EFF45B51DB}.Release|x86.Build.0 = Release|Any CPU
		{6F2A37A0-6019-4FD5-8250-B536A769CF33}.Debug|Any CPU.ActiveCfg = Debug|Any CPU
		{6F2A37A0-6019-4FD5-8250-B536A769CF33}.Debug|Any CPU.Build.0 = Debug|Any CPU
		{6F2A37A0-6019-4FD5-8250-B536A769CF33}.Debug|x64.ActiveCfg = Debug|Any CPU
		{6F2A37A0-6019-4FD5-8250-B536A769CF33}.Debug|x64.Build.0 = Debug|Any CPU
		{6F2A37A0-6019-4FD5-8250-B536A769CF33}.Debug|x86.ActiveCfg = Debug|Any CPU
		{6F2A37A0-6019-4FD5-8250-B536A769CF33}.Debug|x86.Build.0 = Debug|Any CPU
		{6F2A37A0-6019-4FD5-8250-B536A769CF33}.Release|Any CPU.ActiveCfg = Release|Any CPU
		{6F2A37A0-6019-4FD5-8250-B536A769CF33}.Release|Any CPU.Build.0 = Release|Any CPU
		{6F2A37A0-6019-4FD5-8250-B536A769CF33}.Release|x64.ActiveCfg = Release|Any CPU
		{6F2A37A0-6019-4FD5-8250-B536A769CF33}.Release|x64.Build.0 = Release|Any CPU
		{6F2A37A0-6019-4FD5-8250-B536A769CF33}.Release|x86.ActiveCfg = Release|Any CPU
		{6F2A37A0-6019-4FD5-8250-B536A769CF33}.Release|x86.Build.0 = Release|Any CPU
		{19B34B58-580E-4ECE-81EB-5B87ABF543F4}.Debug|Any CPU.ActiveCfg = Debug|Any CPU
		{19B34B58-580E-4ECE-81EB-5B87ABF543F4}.Debug|Any CPU.Build.0 = Debug|Any CPU
		{19B34B58-580E-4ECE-81EB-5B87ABF543F4}.Debug|x64.ActiveCfg = Debug|Any CPU
		{19B34B58-580E-4ECE-81EB-5B87ABF543F4}.Debug|x64.Build.0 = Debug|Any CPU
		{19B34B58-580E-4ECE-81EB-5B87ABF543F4}.Debug|x86.ActiveCfg = Debug|Any CPU
		{19B34B58-580E-4ECE-81EB-5B87ABF543F4}.Debug|x86.Build.0 = Debug|Any CPU
		{19B34B58-580E-4ECE-81EB-5B87ABF543F4}.Release|Any CPU.ActiveCfg = Release|Any CPU
		{19B34B58-580E-4ECE-81EB-5B87ABF543F4}.Release|Any CPU.Build.0 = Release|Any CPU
		{19B34B58-580E-4ECE-81EB-5B87ABF543F4}.Release|x64.ActiveCfg = Release|Any CPU
		{19B34B58-580E-4ECE-81EB-5B87ABF543F4}.Release|x64.Build.0 = Release|Any CPU
		{19B34B58-580E-4ECE-81EB-5B87ABF543F4}.Release|x86.ActiveCfg = Release|Any CPU
		{19B34B58-580E-4ECE-81EB-5B87ABF543F4}.Release|x86.Build.0 = Release|Any CPU
	EndGlobalSection
	GlobalSection(SolutionProperties) = preSolution
		HideSolutionNode = FALSE
	EndGlobalSection
	GlobalSection(ExtensibilityGlobals) = postSolution
		SolutionGuid = {AC07B3A8-0CCE-483B-A2F8-FD449A8A8F8D}
	EndGlobalSection
EndGlobal
